// !$*UTF8*$!
{
	archiveVersion = 1;
	classes = {
	};
	objectVersion = 56;
	objects = {

/* Begin PBXBuildFile section */
		181F90752C7C68AB00E2E288 /* AppDelegate.swift in Sources */ = {isa = PBXBuildFile; fileRef = 181F90742C7C68AB00E2E288 /* AppDelegate.swift */; };
		181F90772C7C68AB00E2E288 /* SceneDelegate.swift in Sources */ = {isa = PBXBuildFile; fileRef = 181F90762C7C68AB00E2E288 /* SceneDelegate.swift */; };
		181F90792C7C68AB00E2E288 /* ViewController.swift in Sources */ = {isa = PBXBuildFile; fileRef = 181F90782C7C68AB00E2E288 /* ViewController.swift */; };
		181F907C2C7C68AB00E2E288 /* Main.storyboard in Resources */ = {isa = PBXBuildFile; fileRef = 181F907A2C7C68AB00E2E288 /* Main.storyboard */; };
		181F907E2C7C68AF00E2E288 /* Assets.xcassets in Resources */ = {isa = PBXBuildFile; fileRef = 181F907D2C7C68AF00E2E288 /* Assets.xcassets */; };
		181F90812C7C68AF00E2E288 /* LaunchScreen.storyboard in Resources */ = {isa = PBXBuildFile; fileRef = 181F907F2C7C68AF00E2E288 /* LaunchScreen.storyboard */; };
/* End PBXBuildFile section */

/* Begin PBXFileReference section */
		181F90712C7C68AB00E2E288 /* iOS_Exam.app */ = {isa = PBXFileReference; explicitFileType = wrapper.application; includeInIndex = 0; path = iOS_Exam.app; sourceTree = BUILT_PRODUCTS_DIR; };
		181F90742C7C68AB00E2E288 /* AppDelegate.swift */ = {isa = PBXFileReference; lastKnownFileType = sourcecode.swift; path = AppDelegate.swift; sourceTree = "<group>"; };
		181F90762C7C68AB00E2E288 /* SceneDelegate.swift */ = {isa = PBXFileReference; lastKnownFileType = sourcecode.swift; path = SceneDelegate.swift; sourceTree = "<group>"; };
		181F90782C7C68AB00E2E288 /* ViewController.swift */ = {isa = PBXFileReference; lastKnownFileType = sourcecode.swift; path = ViewController.swift; sourceTree = "<group>"; };
		181F907B2C7C68AB00E2E288 /* Base */ = {isa = PBXFileReference; lastKnownFileType = file.storyboard; name = Base; path = Base.lproj/Main.storyboard; sourceTree = "<group>"; };
		181F907D2C7C68AF00E2E288 /* Assets.xcassets */ = {isa = PBXFileReference; lastKnownFileType = folder.assetcatalog; path = Assets.xcassets; sourceTree = "<group>"; };
		181F90802C7C68AF00E2E288 /* Base */ = {isa = PBXFileReference; lastKnownFileType = file.storyboard; name = Base; path = Base.lproj/LaunchScreen.storyboard; sourceTree = "<group>"; };
		181F90822C7C68AF00E2E288 /* Info.plist */ = {isa = PBXFileReference; lastKnownFileType = text.plist.xml; path = Info.plist; sourceTree = "<group>"; };
/* End PBXFileReference section */

/* Begin PBXFrameworksBuildPhase section */
		181F906E2C7C68AB00E2E288 /* Frameworks */ = {
			isa = PBXFrameworksBuildPhase;
			buildActionMask = 2147483647;
			files = (
			);
			runOnlyForDeploymentPostprocessing = 0;
		};
/* End PBXFrameworksBuildPhase section */

/* Begin PBXGroup section */
		181F90682C7C68AB00E2E288 = {
			isa = PBXGroup;
			children = (
				181F90732C7C68AB00E2E288 /* iOS_Exam */,
				181F90722C7C68AB00E2E288 /* Products */,
			);
			sourceTree = "<group>";
		};
		181F90722C7C68AB00E2E288 /* Products */ = {
			isa = PBXGroup;
			children = (
				181F90712C7C68AB00E2E288 /* iOS_Exam.app */,
			);
			name = Products;
			sourceTree = "<group>";
		};
		181F90732C7C68AB00E2E288 /* iOS_Exam */ = {
			isa = PBXGroup;
			children = (
				181F908B2C7C692A00E2E288 /* Application */,
				181F908A2C7C692600E2E288 /* Constants  */,
				181F90892C7C692300E2E288 /* Extensions */,
				181F908C2C7C694900E2E288 /* Utility */,
				181F90882C7C691F00E2E288 /* Modules  */,
				181F908E2C7C697200E2E288 /* Storyboards */,
				181F908D2C7C694D00E2E288 /* Resources  */,
				181F90822C7C68AF00E2E288 /* Info.plist */,
			);
			path = iOS_Exam;
			sourceTree = "<group>";
		};
		181F90882C7C691F00E2E288 /* Modules  */ = {
			isa = PBXGroup;
			children = (
				181F90782C7C68AB00E2E288 /* ViewController.swift */,
			);
			path = "Modules ";
			sourceTree = "<group>";
		};
		181F90892C7C692300E2E288 /* Extensions */ = {
			isa = PBXGroup;
			children = (
			);
			path = Extensions;
			sourceTree = "<group>";
		};
		181F908A2C7C692600E2E288 /* Constants  */ = {
			isa = PBXGroup;
			children = (
			);
			path = "Constants ";
			sourceTree = "<group>";
		};
		181F908B2C7C692A00E2E288 /* Application */ = {
			isa = PBXGroup;
			children = (
				181F90742C7C68AB00E2E288 /* AppDelegate.swift */,
				181F90762C7C68AB00E2E288 /* SceneDelegate.swift */,
			);
			path = Application;
			sourceTree = "<group>";
		};
		181F908C2C7C694900E2E288 /* Utility */ = {
			isa = PBXGroup;
			children = (
			);
			path = Utility;
			sourceTree = "<group>";
		};
		181F908D2C7C694D00E2E288 /* Resources  */ = {
			isa = PBXGroup;
			children = (
				181F907D2C7C68AF00E2E288 /* Assets.xcassets */,
			);
			path = "Resources ";
			sourceTree = "<group>";
		};
		181F908E2C7C697200E2E288 /* Storyboards */ = {
			isa = PBXGroup;
			children = (
				181F907A2C7C68AB00E2E288 /* Main.storyboard */,
				181F907F2C7C68AF00E2E288 /* LaunchScreen.storyboard */,
			);
			path = Storyboards;
			sourceTree = "<group>";
		};
/* End PBXGroup section */

/* Begin PBXNativeTarget section */
		181F90702C7C68AB00E2E288 /* iOS_Exam */ = {
			isa = PBXNativeTarget;
			buildConfigurationList = 181F90852C7C68AF00E2E288 /* Build configuration list for PBXNativeTarget "iOS_Exam" */;
			buildPhases = (
				181F906D2C7C68AB00E2E288 /* Sources */,
				181F906E2C7C68AB00E2E288 /* Frameworks */,
				181F906F2C7C68AB00E2E288 /* Resources */,
			);
			buildRules = (
			);
			dependencies = (
			);
			name = iOS_Exam;
			productName = iOS_Exam;
			productReference = 181F90712C7C68AB00E2E288 /* iOS_Exam.app */;
			productType = "com.apple.product-type.application";
		};
/* End PBXNativeTarget section */

/* Begin PBXProject section */
		181F90692C7C68AB00E2E288 /* Project object */ = {
			isa = PBXProject;
			attributes = {
				BuildIndependentTargetsInParallel = 1;
				LastSwiftUpdateCheck = 1420;
				LastUpgradeCheck = 1420;
				TargetAttributes = {
					181F90702C7C68AB00E2E288 = {
						CreatedOnToolsVersion = 14.2;
					};
				};
			};
			buildConfigurationList = 181F906C2C7C68AB00E2E288 /* Build configuration list for PBXProject "iOS_Exam" */;
			compatibilityVersion = "Xcode 14.0";
			developmentRegion = en;
			hasScannedForEncodings = 0;
			knownRegions = (
				en,
				Base,
			);
			mainGroup = 181F90682C7C68AB00E2E288;
			productRefGroup = 181F90722C7C68AB00E2E288 /* Products */;
			projectDirPath = "";
			projectRoot = "";
			targets = (
				181F90702C7C68AB00E2E288 /* iOS_Exam */,
			);
		};
/* End PBXProject section */

/* Begin PBXResourcesBuildPhase section */
		181F906F2C7C68AB00E2E288 /* Resources */ = {
			isa = PBXResourcesBuildPhase;
			buildActionMask = 2147483647;
			files = (
				181F90812C7C68AF00E2E288 /* LaunchScreen.storyboard in Resources */,
				181F907E2C7C68AF00E2E288 /* Assets.xcassets in Resources */,
				181F907C2C7C68AB00E2E288 /* Main.storyboard in Resources */,
			);
			runOnlyForDeploymentPostprocessing = 0;
		};
/* End PBXResourcesBuildPhase section */

/* Begin PBXSourcesBuildPhase section */
		181F906D2C7C68AB00E2E288 /* Sources */ = {
			isa = PBXSourcesBuildPhase;
			buildActionMask = 2147483647;
			files = (
				181F90792C7C68AB00E2E288 /* ViewController.swift in Sources */,
				181F90752C7C68AB00E2E288 /* AppDelegate.swift in Sources */,
				181F90772C7C68AB00E2E288 /* SceneDelegate.swift in Sources */,
			);
			runOnlyForDeploymentPostprocessing = 0;
		};
/* End PBXSourcesBuildPhase section */

/* Begin PBXVariantGroup section */
		181F907A2C7C68AB00E2E288 /* Main.storyboard */ = {
			isa = PBXVariantGroup;
			children = (
				181F907B2C7C68AB00E2E288 /* Base */,
			);
			name = Main.storyboard;
			sourceTree = "<group>";
		};
		181F907F2C7C68AF00E2E288 /* LaunchScreen.storyboard */ = {
			isa = PBXVariantGroup;
			children = (
				181F90802C7C68AF00E2E288 /* Base */,
			);
			name = LaunchScreen.storyboard;
			sourceTree = "<group>";
		};
/* End PBXVariantGroup section */

/* Begin XCBuildConfiguration section */
		181F90832C7C68AF00E2E288 /* Debug */ = {
			isa = XCBuildConfiguration;
			buildSettings = {
				ALWAYS_SEARCH_USER_PATHS = NO;
				CLANG_ANALYZER_NONNULL = YES;
				CLANG_ANALYZER_NUMBER_OBJECT_CONVERSION = YES_AGGRESSIVE;
				CLANG_CXX_LANGUAGE_STANDARD = "gnu++20";
				CLANG_ENABLE_MODULES = YES;
				CLANG_ENABLE_OBJC_ARC = YES;
				CLANG_ENABLE_OBJC_WEAK = YES;
				CLANG_WARN_BLOCK_CAPTURE_AUTORELEASING = YES;
				CLANG_WARN_BOOL_CONVERSION = YES;
				CLANG_WARN_COMMA = YES;
				CLANG_WARN_CONSTANT_CONVERSION = YES;
				CLANG_WARN_DEPRECATED_OBJC_IMPLEMENTATIONS = YES;
				CLANG_WARN_DIRECT_OBJC_ISA_USAGE = YES_ERROR;
				CLANG_WARN_DOCUMENTATION_COMMENTS = YES;
				CLANG_WARN_EMPTY_BODY = YES;
				CLANG_WARN_ENUM_CONVERSION = YES;
				CLANG_WARN_INFINITE_RECURSION = YES;
				CLANG_WARN_INT_CONVERSION = YES;
				CLANG_WARN_NON_LITERAL_NULL_CONVERSION = YES;
				CLANG_WARN_OBJC_IMPLICIT_RETAIN_SELF = YES;
				CLANG_WARN_OBJC_LITERAL_CONVERSION = YES;
				CLANG_WARN_OBJC_ROOT_CLASS = YES_ERROR;
				CLANG_WARN_QUOTED_INCLUDE_IN_FRAMEWORK_HEADER = YES;
				CLANG_WARN_RANGE_LOOP_ANALYSIS = YES;
				CLANG_WARN_STRICT_PROTOTYPES = YES;
				CLANG_WARN_SUSPICIOUS_MOVE = YES;
				CLANG_WARN_UNGUARDED_AVAILABILITY = YES_AGGRESSIVE;
				CLANG_WARN_UNREACHABLE_CODE = YES;
				CLANG_WARN__DUPLICATE_METHOD_MATCH = YES;
				COPY_PHASE_STRIP = NO;
				DEBUG_INFORMATION_FORMAT = dwarf;
				ENABLE_STRICT_OBJC_MSGSEND = YES;
				ENABLE_TESTABILITY = YES;
				GCC_C_LANGUAGE_STANDARD = gnu11;
				GCC_DYNAMIC_NO_PIC = NO;
				GCC_NO_COMMON_BLOCKS = YES;
				GCC_OPTIMIZATION_LEVEL = 0;
				GCC_PREPROCESSOR_DEFINITIONS = (
					"DEBUG=1",
					"$(inherited)",
				);
				GCC_WARN_64_TO_32_BIT_CONVERSION = YES;
				GCC_WARN_ABOUT_RETURN_TYPE = YES_ERROR;
				GCC_WARN_UNDECLARED_SELECTOR = YES;
				GCC_WARN_UNINITIALIZED_AUTOS = YES_AGGRESSIVE;
				GCC_WARN_UNUSED_FUNCTION = YES;
				GCC_WARN_UNUSED_VARIABLE = YES;
				IPHONEOS_DEPLOYMENT_TARGET = 16.2;
				MTL_ENABLE_DEBUG_INFO = INCLUDE_SOURCE;
				MTL_FAST_MATH = YES;
				ONLY_ACTIVE_ARCH = YES;
				SDKROOT = iphoneos;
				SWIFT_ACTIVE_COMPILATION_CONDITIONS = DEBUG;
				SWIFT_OPTIMIZATION_LEVEL = "-Onone";
			};
			name = Debug;
		};
		181F90842C7C68AF00E2E288 /* Release */ = {
			isa = XCBuildConfiguration;
			buildSettings = {
				ALWAYS_SEARCH_USER_PATHS = NO;
				CLANG_ANALYZER_NONNULL = YES;
				CLANG_ANALYZER_NUMBER_OBJECT_CONVERSION = YES_AGGRESSIVE;
				CLANG_CXX_LANGUAGE_STANDARD = "gnu++20";
				CLANG_ENABLE_MODULES = YES;
				CLANG_ENABLE_OBJC_ARC = YES;
				CLANG_ENABLE_OBJC_WEAK = YES;
				CLANG_WARN_BLOCK_CAPTURE_AUTORELEASING = YES;
				CLANG_WARN_BOOL_CONVERSION = YES;
				CLANG_WARN_COMMA = YES;
				CLANG_WARN_CONSTANT_CONVERSION = YES;
				CLANG_WARN_DEPRECATED_OBJC_IMPLEMENTATIONS = YES;
				CLANG_WARN_DIRECT_OBJC_ISA_USAGE = YES_ERROR;
				CLANG_WARN_DOCUMENTATION_COMMENTS = YES;
				CLANG_WARN_EMPTY_BODY = YES;
				CLANG_WARN_ENUM_CONVERSION = YES;
				CLANG_WARN_INFINITE_RECURSION = YES;
				CLANG_WARN_INT_CONVERSION = YES;
				CLANG_WARN_NON_LITERAL_NULL_CONVERSION = YES;
				CLANG_WARN_OBJC_IMPLICIT_RETAIN_SELF = YES;
				CLANG_WARN_OBJC_LITERAL_CONVERSION = YES;
				CLANG_WARN_OBJC_ROOT_CLASS = YES_ERROR;
				CLANG_WARN_QUOTED_INCLUDE_IN_FRAMEWORK_HEADER = YES;
				CLANG_WARN_RANGE_LOOP_ANALYSIS = YES;
				CLANG_WARN_STRICT_PROTOTYPES = YES;
				CLANG_WARN_SUSPICIOUS_MOVE = YES;
				CLANG_WARN_UNGUARDED_AVAILABILITY = YES_AGGRESSIVE;
				CLANG_WARN_UNREACHABLE_CODE = YES;
				CLANG_WARN__DUPLICATE_METHOD_MATCH = YES;
				COPY_PHASE_STRIP = NO;
				DEBUG_INFORMATION_FORMAT = "dwarf-with-dsym";
				ENABLE_NS_ASSERTIONS = NO;
				ENABLE_STRICT_OBJC_MSGSEND = YES;
				GCC_C_LANGUAGE_STANDARD = gnu11;
				GCC_NO_COMMON_BLOCKS = YES;
				GCC_WARN_64_TO_32_BIT_CONVERSION = YES;
				GCC_WARN_ABOUT_RETURN_TYPE = YES_ERROR;
				GCC_WARN_UNDECLARED_SELECTOR = YES;
				GCC_WARN_UNINITIALIZED_AUTOS = YES_AGGRESSIVE;
				GCC_WARN_UNUSED_FUNCTION = YES;
				GCC_WARN_UNUSED_VARIABLE = YES;
				IPHONEOS_DEPLOYMENT_TARGET = 16.2;
				MTL_ENABLE_DEBUG_INFO = NO;
				MTL_FAST_MATH = YES;
				SDKROOT = iphoneos;
				SWIFT_COMPILATION_MODE = wholemodule;
				SWIFT_OPTIMIZATION_LEVEL = "-O";
				VALIDATE_PRODUCT = YES;
			};
			name = Release;
		};
		181F90862C7C68AF00E2E288 /* Debug */ = {
			isa = XCBuildConfiguration;
			buildSettings = {
				ASSETCATALOG_COMPILER_APPICON_NAME = AppIcon;
				ASSETCATALOG_COMPILER_GLOBAL_ACCENT_COLOR_NAME = AccentColor;
				CODE_SIGN_STYLE = Automatic;
				CURRENT_PROJECT_VERSION = 1;
				GENERATE_INFOPLIST_FILE = YES;
				INFOPLIST_FILE = iOS_Exam/Info.plist;
				INFOPLIST_KEY_UIApplicationSupportsIndirectInputEvents = YES;
				INFOPLIST_KEY_UILaunchStoryboardName = LaunchScreen;
				INFOPLIST_KEY_UIMainStoryboardFile = Main;
				INFOPLIST_KEY_UISupportedInterfaceOrientations_iPad = "UIInterfaceOrientationPortrait UIInterfaceOrientationPortraitUpsideDown UIInterfaceOrientationLandscapeLeft UIInterfaceOrientationLandscapeRight";
				INFOPLIST_KEY_UISupportedInterfaceOrientations_iPhone = "UIInterfaceOrientationPortrait UIInterfaceOrientationLandscapeLeft UIInterfaceOrientationLandscapeRight";
				LD_RUNPATH_SEARCH_PATHS = (
					"$(inherited)",
					"@executable_path/Frameworks",
				);
				MARKETING_VERSION = 1.0;
				PRODUCT_BUNDLE_IDENTIFIER = "NeoSoft.iOS-Exam";
				PRODUCT_NAME = "$(TARGET_NAME)";
				SWIFT_EMIT_LOC_STRINGS = YES;
				SWIFT_VERSION = 5.0;
				TARGETED_DEVICE_FAMILY = "1,2";
			};
			name = Debug;
		};
		181F90872C7C68AF00E2E288 /* Release */ = {
			isa = XCBuildConfiguration;
			buildSettings = {
				ASSETCATALOG_COMPILER_APPICON_NAME = AppIcon;
				ASSETCATALOG_COMPILER_GLOBAL_ACCENT_COLOR_NAME = AccentColor;
				CODE_SIGN_STYLE = Automatic;
				CURRENT_PROJECT_VERSION = 1;
				GENERATE_INFOPLIST_FILE = YES;
				INFOPLIST_FILE = iOS_Exam/Info.plist;
				INFOPLIST_KEY_UIApplicationSupportsIndirectInputEvents = YES;
				INFOPLIST_KEY_UILaunchStoryboardName = LaunchScreen;
				INFOPLIST_KEY_UIMainStoryboardFile = Main;
				INFOPLIST_KEY_UISupportedInterfaceOrientations_iPad = "UIInterfaceOrientationPortrait UIInterfaceOrientationPortraitUpsideDown UIInterfaceOrientationLandscapeLeft UIInterfaceOrientationLandscapeRight";
				INFOPLIST_KEY_UISupportedInterfaceOrientations_iPhone = "UIInterfaceOrientationPortrait UIInterfaceOrientationLandscapeLeft UIInterfaceOrientationLandscapeRight";
				LD_RUNPATH_SEARCH_PATHS = (
					"$(inherited)",
					"@executable_path/Frameworks",
				);
				MARKETING_VERSION = 1.0;
				PRODUCT_BUNDLE_IDENTIFIER = "NeoSoft.iOS-Exam";
				PRODUCT_NAME = "$(TARGET_NAME)";
				SWIFT_EMIT_LOC_STRINGS = YES;
				SWIFT_VERSION = 5.0;
				TARGETED_DEVICE_FAMILY = "1,2";
			};
			name = Release;
		};
/* End XCBuildConfiguration section */

/* Begin XCConfigurationList section */
		181F906C2C7C68AB00E2E288 /* Build configuration list for PBXProject "iOS_Exam" */ = {
			isa = XCConfigurationList;
			buildConfigurations = (
				181F90832C7C68AF00E2E288 /* Debug */,
				181F90842C7C68AF00E2E288 /* Release */,
			);
			defaultConfigurationIsVisible = 0;
			defaultConfigurationName = Release;
		};
		181F90852C7C68AF00E2E288 /* Build configuration list for PBXNativeTarget "iOS_Exam" */ = {
			isa = XCConfigurationList;
			buildConfigurations = (
				181F90862C7C68AF00E2E288 /* Debug */,
				181F90872C7C68AF00E2E288 /* Release */,
			);
			defaultConfigurationIsVisible = 0;
			defaultConfigurationName = Release;
		};
/* End XCConfigurationList section */
	};
	rootObject = 181F90692C7C68AB00E2E288 /* Project object */;
}
